
Microsoft Visual Studio Solution File, Format Version 12.00
# Visual Studio Version 17
VisualStudioVersion = 17.5.002.0
MinimumVisualStudioVersion = 10.0.40219.1
Project("{9A19103F-16F7-4668-BE54-9A1E7A4F7556}") = "MyMicroservice", "MyMicroservice.csproj", "{DB650CF8-CB61-4D73-A9AE-44E5550FE86A}"
EndProject
Global
	GlobalSection(SolutionConfigurationPlatforms) = preSolution
		Debug|Any CPU = Debug|Any CPU
		Release|Any CPU = Release|Any CPU
	EndGlobalSection
	GlobalSection(ProjectConfigurationPlatforms) = postSolution
		{DB650CF8-CB61-4D73-A9AE-44E5550FE86A}.Debug|Any CPU.ActiveCfg = Debug|Any CPU
		{DB650CF8-CB61-4D73-A9AE-44E5550FE86A}.Debug|Any CPU.Build.0 = Debug|Any CPU
		{DB650CF8-CB61-4D73-A9AE-44E5550FE86A}.Release|Any CPU.ActiveCfg = Release|Any CPU
		{DB650CF8-CB61-4D73-A9AE-44E5550FE86A}.Release|Any CPU.Build.0 = Release|Any CPU
	EndGlobalSection
	GlobalSection(SolutionProperties) = preSolution
		HideSolutionNode = FALSE
	EndGlobalSection
	GlobalSection(ExtensibilityGlobals) = postSolution
		SolutionGuid = {7F0B4114-817A-4C69-9E9A-A6BFD6B3EE58}
	EndGlobalSection
EndGlobal
